
Microsoft Visual Studio Solution File, Format Version 12.00
# Visual Studio 15
VisualStudioVersion = 15.0.28307.1433
MinimumVisualStudioVersion = 10.0.40219.1
Project("{FAE04EC0-301F-11D3-BF4B-00C04F79EFBC}") = "IngenieriaVisualTucanes", "IngenieriaVisualPH\IngenieriaVisualTucanes.csproj", "{393C62E6-B6F0-47A5-81A8-1650937E903A}"
EndProject
Project("{FAE04EC0-301F-11D3-BF4B-00C04F79EFBC}") = "Datos", "Datos\Datos.csproj", "{335B5816-97BD-420D-807E-02D93ED5EA92}"
EndProject
Project("{FAE04EC0-301F-11D3-BF4B-00C04F79EFBC}") = "Modelo", "Modelo\Modelo.csproj", "{1C4FF53D-706D-4038-B3D9-05EFD5B5D2FD}"
EndProject
Project("{FAE04EC0-301F-11D3-BF4B-00C04F79EFBC}") = "Servicios", "Servicios\Servicios.csproj", "{1D139B64-72C4-4F63-BC48-11E975F23B6B}"
EndProject
Project("{FAE04EC0-301F-11D3-BF4B-00C04F79EFBC}") = "LogicaNeg", "LogicaNeg\LogicaNeg.csproj", "{C773C2F0-3CF6-4301-B981-E83FD19E981A}"
EndProject
Global
	GlobalSection(SolutionConfigurationPlatforms) = preSolution
		Debug|Any CPU = Debug|Any CPU
		Release|Any CPU = Release|Any CPU
	EndGlobalSection
	GlobalSection(ProjectConfigurationPlatforms) = postSolution
		{393C62E6-B6F0-47A5-81A8-1650937E903A}.Debug|Any CPU.ActiveCfg = Debug|Any CPU
		{393C62E6-B6F0-47A5-81A8-1650937E903A}.Debug|Any CPU.Build.0 = Debug|Any CPU
		{393C62E6-B6F0-47A5-81A8-1650937E903A}.Release|Any CPU.ActiveCfg = Release|Any CPU
		{393C62E6-B6F0-47A5-81A8-1650937E903A}.Release|Any CPU.Build.0 = Release|Any CPU
		{335B5816-97BD-420D-807E-02D93ED5EA92}.Debug|Any CPU.ActiveCfg = Debug|Any CPU
		{335B5816-97BD-420D-807E-02D93ED5EA92}.Debug|Any CPU.Build.0 = Debug|Any CPU
		{335B5816-97BD-420D-807E-02D93ED5EA92}.Release|Any CPU.ActiveCfg = Release|Any CPU
		{335B5816-97BD-420D-807E-02D93ED5EA92}.Release|Any CPU.Build.0 = Release|Any CPU
		{1C4FF53D-706D-4038-B3D9-05EFD5B5D2FD}.Debug|Any CPU.ActiveCfg = Debug|Any CPU
		{1C4FF53D-706D-4038-B3D9-05EFD5B5D2FD}.Debug|Any CPU.Build.0 = Debug|Any CPU
		{1C4FF53D-706D-4038-B3D9-05EFD5B5D2FD}.Release|Any CPU.ActiveCfg = Release|Any CPU
		{1C4FF53D-706D-4038-B3D9-05EFD5B5D2FD}.Release|Any CPU.Build.0 = Release|Any CPU
		{1D139B64-72C4-4F63-BC48-11E975F23B6B}.Debug|Any CPU.ActiveCfg = Debug|Any CPU
		{1D139B64-72C4-4F63-BC48-11E975F23B6B}.Debug|Any CPU.Build.0 = Debug|Any CPU
		{1D139B64-72C4-4F63-BC48-11E975F23B6B}.Release|Any CPU.ActiveCfg = Release|Any CPU
		{1D139B64-72C4-4F63-BC48-11E975F23B6B}.Release|Any CPU.Build.0 = Release|Any CPU
		{C773C2F0-3CF6-4301-B981-E83FD19E981A}.Debug|Any CPU.ActiveCfg = Debug|Any CPU
		{C773C2F0-3CF6-4301-B981-E83FD19E981A}.Debug|Any CPU.Build.0 = Debug|Any CPU
		{C773C2F0-3CF6-4301-B981-E83FD19E981A}.Release|Any CPU.ActiveCfg = Release|Any CPU
		{C773C2F0-3CF6-4301-B981-E83FD19E981A}.Release|Any CPU.Build.0 = Release|Any CPU
	EndGlobalSection
	GlobalSection(SolutionProperties) = preSolution
		HideSolutionNode = FALSE
	EndGlobalSection
	GlobalSection(ExtensibilityGlobals) = postSolution
		SolutionGuid = {F6CE2956-48D4-4564-AAB8-A7F30C04AB26}
	EndGlobalSection
EndGlobal
